# THIS IS AN AUTOGENERATED FILE. DO NOT EDIT THIS FILE DIRECTLY.
# yarn lockfile v1


"air-support@https://github.com/theskeletoncrew/air-support":
  version "0.0.0"
  resolved "https://github.com/theskeletoncrew/air-support#d6c932c336a87734250a8503038948d12d4aae2e"

"deprecated-storefront@https://github.com/metaplex-foundation/deprecated-storefront.git":
  version "0.0.0"
  resolved "https://github.com/metaplex-foundation/deprecated-storefront.git#4af8dd1e75d42037eb4639e80d1ab81af8b3237d"
